// !$*UTF8*$!
{
	archiveVersion = 1;
	classes = {
	};
	objectVersion = 55;
	objects = {

/* Begin PBXBuildFile section */
		8EC43C3528167D770075C5A6 /* AppDelegate.m in Sources */ = {isa = PBXBuildFile; fileRef = 8EC43C3428167D770075C5A6 /* AppDelegate.m */; };
		8EC43C3828167D770075C5A6 /* SceneDelegate.m in Sources */ = {isa = PBXBuildFile; fileRef = 8EC43C3728167D770075C5A6 /* SceneDelegate.m */; };
		8EC43C3B28167D770075C5A6 /* ViewController.m in Sources */ = {isa = PBXBuildFile; fileRef = 8EC43C3A28167D770075C5A6 /* ViewController.m */; };
		8EC43C3E28167D770075C5A6 /* Main.storyboard in Resources */ = {isa = PBXBuildFile; fileRef = 8EC43C3C28167D770075C5A6 /* Main.storyboard */; };
		8EC43C4028167D780075C5A6 /* Assets.xcassets in Resources */ = {isa = PBXBuildFile; fileRef = 8EC43C3F28167D780075C5A6 /* Assets.xcassets */; };
		8EC43C4328167D780075C5A6 /* LaunchScreen.storyboard in Resources */ = {isa = PBXBuildFile; fileRef = 8EC43C4128167D780075C5A6 /* LaunchScreen.storyboard */; };
		8EC43C4628167D780075C5A6 /* main.m in Sources */ = {isa = PBXBuildFile; fileRef = 8EC43C4528167D780075C5A6 /* main.m */; };
		8EC43C5628167EE00075C5A6 /* www in Resources */ = {isa = PBXBuildFile; fileRef = 8EC43C5528167EE00075C5A6 /* www */; };
		8EC43C5828167EEE0075C5A6 /* config.xml in Resources */ = {isa = PBXBuildFile; fileRef = 8EC43C5728167EEE0075C5A6 /* config.xml */; };
		8EC43C5E28167F830075C5A6 /* libCordova.a in Frameworks */ = {isa = PBXBuildFile; fileRef = 8EC43C5228167ED40075C5A6 /* libCordova.a */; };
		8EC43C6028167F8E0075C5A6 /* AssetsLibrary.framework in Frameworks */ = {isa = PBXBuildFile; fileRef = 8EC43C5F28167F8E0075C5A6 /* AssetsLibrary.framework */; };
		8EC43C6228167F960075C5A6 /* MobileCoreServices.framework in Frameworks */ = {isa = PBXBuildFile; fileRef = 8EC43C6128167F960075C5A6 /* MobileCoreServices.framework */; };
/* End PBXBuildFile section */

/* Begin PBXContainerItemProxy section */
		8EC43C5128167ED40075C5A6 /* PBXContainerItemProxy */ = {
			isa = PBXContainerItemProxy;
			containerPortal = 8EC43C4C28167ED30075C5A6 /* CordovaLib.xcodeproj */;
			proxyType = 2;
			remoteGlobalIDString = 68A32D7114102E1C006B237C;
			remoteInfo = CordovaLib;
		};
		8EC43C5328167ED40075C5A6 /* PBXContainerItemProxy */ = {
			isa = PBXContainerItemProxy;
			containerPortal = 8EC43C4C28167ED30075C5A6 /* CordovaLib.xcodeproj */;
			proxyType = 2;
			remoteGlobalIDString = C0C01EB21E3911D50056E6CB;
			remoteInfo = Cordova;
		};
		8EC43C5B28167F790075C5A6 /* PBXContainerItemProxy */ = {
			isa = PBXContainerItemProxy;
			containerPortal = 8EC43C4C28167ED30075C5A6 /* CordovaLib.xcodeproj */;
			proxyType = 1;
			remoteGlobalIDString = D2AAC07D0554694100DB518D;
			remoteInfo = CordovaLib;
		};
/* End PBXContainerItemProxy section */

/* Begin PBXFileReference section */
		8EC43C3028167D770075C5A6 /* CordovaView.app */ = {isa = PBXFileReference; explicitFileType = wrapper.application; includeInIndex = 0; path = CordovaView.app; sourceTree = BUILT_PRODUCTS_DIR; };
		8EC43C3328167D770075C5A6 /* AppDelegate.h */ = {isa = PBXFileReference; lastKnownFileType = sourcecode.c.h; path = AppDelegate.h; sourceTree = "<group>"; };
		8EC43C3428167D770075C5A6 /* AppDelegate.m */ = {isa = PBXFileReference; lastKnownFileType = sourcecode.c.objc; path = AppDelegate.m; sourceTree = "<group>"; };
		8EC43C3628167D770075C5A6 /* SceneDelegate.h */ = {isa = PBXFileReference; lastKnownFileType = sourcecode.c.h; path = SceneDelegate.h; sourceTree = "<group>"; };
		8EC43C3728167D770075C5A6 /* SceneDelegate.m */ = {isa = PBXFileReference; lastKnownFileType = sourcecode.c.objc; path = SceneDelegate.m; sourceTree = "<group>"; };
		8EC43C3928167D770075C5A6 /* ViewController.h */ = {isa = PBXFileReference; lastKnownFileType = sourcecode.c.h; path = ViewController.h; sourceTree = "<group>"; };
		8EC43C3A28167D770075C5A6 /* ViewController.m */ = {isa = PBXFileReference; lastKnownFileType = sourcecode.c.objc; path = ViewController.m; sourceTree = "<group>"; };
		8EC43C3D28167D770075C5A6 /* Base */ = {isa = PBXFileReference; lastKnownFileType = file.storyboard; name = Base; path = Base.lproj/Main.storyboard; sourceTree = "<group>"; };
		8EC43C3F28167D780075C5A6 /* Assets.xcassets */ = {isa = PBXFileReference; lastKnownFileType = folder.assetcatalog; path = Assets.xcassets; sourceTree = "<group>"; };
		8EC43C4228167D780075C5A6 /* Base */ = {isa = PBXFileReference; lastKnownFileType = file.storyboard; name = Base; path = Base.lproj/LaunchScreen.storyboard; sourceTree = "<group>"; };
		8EC43C4428167D780075C5A6 /* Info.plist */ = {isa = PBXFileReference; lastKnownFileType = text.plist.xml; path = Info.plist; sourceTree = "<group>"; };
		8EC43C4528167D780075C5A6 /* main.m */ = {isa = PBXFileReference; lastKnownFileType = sourcecode.c.objc; path = main.m; sourceTree = "<group>"; };
		8EC43C4C28167ED30075C5A6 /* CordovaLib.xcodeproj */ = {isa = PBXFileReference; lastKnownFileType = "wrapper.pb-project"; name = CordovaLib.xcodeproj; path = CordovaLib/CordovaLib.xcodeproj; sourceTree = "<group>"; };
		8EC43C5528167EE00075C5A6 /* www */ = {isa = PBXFileReference; lastKnownFileType = folder; path = www; sourceTree = "<group>"; };
		8EC43C5728167EEE0075C5A6 /* config.xml */ = {isa = PBXFileReference; fileEncoding = 4; lastKnownFileType = text.xml; path = config.xml; sourceTree = "<group>"; };
		8EC43C5F28167F8E0075C5A6 /* AssetsLibrary.framework */ = {isa = PBXFileReference; lastKnownFileType = wrapper.framework; name = AssetsLibrary.framework; path = System/Library/Frameworks/AssetsLibrary.framework; sourceTree = SDKROOT; };
		8EC43C6128167F960075C5A6 /* MobileCoreServices.framework */ = {isa = PBXFileReference; lastKnownFileType = wrapper.framework; name = MobileCoreServices.framework; path = System/Library/Frameworks/MobileCoreServices.framework; sourceTree = SDKROOT; };
/* End PBXFileReference section */

/* Begin PBXFrameworksBuildPhase section */
		8EC43C2D28167D770075C5A6 /* Frameworks */ = {
			isa = PBXFrameworksBuildPhase;
			buildActionMask = 2147483647;
			files = (
				8EC43C6228167F960075C5A6 /* MobileCoreServices.framework in Frameworks */,
				8EC43C6028167F8E0075C5A6 /* AssetsLibrary.framework in Frameworks */,
				8EC43C5E28167F830075C5A6 /* libCordova.a in Frameworks */,
			);
			runOnlyForDeploymentPostprocessing = 0;
		};
/* End PBXFrameworksBuildPhase section */

/* Begin PBXGroup section */
		8EC43C2728167D770075C5A6 = {
			isa = PBXGroup;
			children = (
				8EC43C5728167EEE0075C5A6 /* config.xml */,
				8EC43C5528167EE00075C5A6 /* www */,
				8EC43C4C28167ED30075C5A6 /* CordovaLib.xcodeproj */,
				8EC43C3228167D770075C5A6 /* CordovaView */,
				8EC43C3128167D770075C5A6 /* Products */,
				8EC43C5D28167F830075C5A6 /* Frameworks */,
			);
			sourceTree = "<group>";
		};
		8EC43C3128167D770075C5A6 /* Products */ = {
			isa = PBXGroup;
			children = (
				8EC43C3028167D770075C5A6 /* CordovaView.app */,
			);
			name = Products;
			sourceTree = "<group>";
		};
		8EC43C3228167D770075C5A6 /* CordovaView */ = {
			isa = PBXGroup;
			children = (
				8EC43C3328167D770075C5A6 /* AppDelegate.h */,
				8EC43C3428167D770075C5A6 /* AppDelegate.m */,
				8EC43C3628167D770075C5A6 /* SceneDelegate.h */,
				8EC43C3728167D770075C5A6 /* SceneDelegate.m */,
				8EC43C3928167D770075C5A6 /* ViewController.h */,
				8EC43C3A28167D770075C5A6 /* ViewController.m */,
				8EC43C3C28167D770075C5A6 /* Main.storyboard */,
				8EC43C3F28167D780075C5A6 /* Assets.xcassets */,
				8EC43C4128167D780075C5A6 /* LaunchScreen.storyboard */,
				8EC43C4428167D780075C5A6 /* Info.plist */,
				8EC43C4528167D780075C5A6 /* main.m */,
			);
			path = CordovaView;
			sourceTree = "<group>";
		};
		8EC43C4D28167ED30075C5A6 /* Products */ = {
			isa = PBXGroup;
			children = (
				8EC43C5228167ED40075C5A6 /* libCordova.a */,
				8EC43C5428167ED40075C5A6 /* Cordova.framework */,
			);
			name = Products;
			sourceTree = "<group>";
		};
		8EC43C5D28167F830075C5A6 /* Frameworks */ = {
			isa = PBXGroup;
			children = (
				8EC43C6128167F960075C5A6 /* MobileCoreServices.framework */,
				8EC43C5F28167F8E0075C5A6 /* AssetsLibrary.framework */,
			);
			name = Frameworks;
			sourceTree = "<group>";
		};
/* End PBXGroup section */

/* Begin PBXNativeTarget section */
		8EC43C2F28167D770075C5A6 /* CordovaView */ = {
			isa = PBXNativeTarget;
			buildConfigurationList = 8EC43C4928167D780075C5A6 /* Build configuration list for PBXNativeTarget "CordovaView" */;
			buildPhases = (
				8EC43C2C28167D770075C5A6 /* Sources */,
				8EC43C2D28167D770075C5A6 /* Frameworks */,
				8EC43C2E28167D770075C5A6 /* Resources */,
				8EC43C6328167F9D0075C5A6 /* copy www directory */,
			);
			buildRules = (
			);
			dependencies = (
				8EC43C5C28167F790075C5A6 /* PBXTargetDependency */,
			);
			name = CordovaView;
			productName = CordovaView;
			productReference = 8EC43C3028167D770075C5A6 /* CordovaView.app */;
			productType = "com.apple.product-type.application";
		};
/* End PBXNativeTarget section */

/* Begin PBXProject section */
		8EC43C2828167D770075C5A6 /* Project object */ = {
			isa = PBXProject;
			attributes = {
				BuildIndependentTargetsInParallel = 1;
				LastUpgradeCheck = 1330;
				TargetAttributes = {
					8EC43C2F28167D770075C5A6 = {
						CreatedOnToolsVersion = 13.3.1;
					};
				};
			};
			buildConfigurationList = 8EC43C2B28167D770075C5A6 /* Build configuration list for PBXProject "CordovaView" */;
			compatibilityVersion = "Xcode 13.0";
			developmentRegion = en;
			hasScannedForEncodings = 0;
			knownRegions = (
				en,
				Base,
			);
			mainGroup = 8EC43C2728167D770075C5A6;
			productRefGroup = 8EC43C3128167D770075C5A6 /* Products */;
			projectDirPath = "";
			projectReferences = (
				{
					ProductGroup = 8EC43C4D28167ED30075C5A6 /* Products */;
					ProjectRef = 8EC43C4C28167ED30075C5A6 /* CordovaLib.xcodeproj */;
				},
			);
			projectRoot = "";
			targets = (
				8EC43C2F28167D770075C5A6 /* CordovaView */,
			);
		};
/* End PBXProject section */

/* Begin PBXReferenceProxy section */
		8EC43C5228167ED40075C5A6 /* libCordova.a */ = {
			isa = PBXReferenceProxy;
			fileType = archive.ar;
			path = libCordova.a;
			remoteRef = 8EC43C5128167ED40075C5A6 /* PBXContainerItemProxy */;
			sourceTree = BUILT_PRODUCTS_DIR;
		};
		8EC43C5428167ED40075C5A6 /* Cordova.framework */ = {
			isa = PBXReferenceProxy;
			fileType = wrapper.framework;
			path = Cordova.framework;
			remoteRef = 8EC43C5328167ED40075C5A6 /* PBXContainerItemProxy */;
			sourceTree = BUILT_PRODUCTS_DIR;
		};
/* End PBXReferenceProxy section */

/* Begin PBXResourcesBuildPhase section */
		8EC43C2E28167D770075C5A6 /* Resources */ = {
			isa = PBXResourcesBuildPhase;
			buildActionMask = 2147483647;
			files = (
				8EC43C5628167EE00075C5A6 /* www in Resources */,
				8EC43C4328167D780075C5A6 /* LaunchScreen.storyboard in Resources */,
				8EC43C4028167D780075C5A6 /* Assets.xcassets in Resources */,
				8EC43C3E28167D770075C5A6 /* Main.storyboard in Resources */,
				8EC43C5828167EEE0075C5A6 /* config.xml in Resources */,
			);
			runOnlyForDeploymentPostprocessing = 0;
		};
/* End PBXResourcesBuildPhase section */

/* Begin PBXShellScriptBuildPhase section */
		8EC43C6328167F9D0075C5A6 /* copy www directory */ = {
			isa = PBXShellScriptBuildPhase;
			buildActionMask = 2147483647;
			files = (
			);
			inputFileListPaths = (
			);
			inputPaths = (
			);
			name = "copy www directory";
			outputFileListPaths = (
			);
			outputPaths = (
			);
			runOnlyForDeploymentPostprocessing = 0;
			shellPath = /bin/sh;
			shellScript = "# Type a script or drag a script file from your workspace to insert its path.\nNODEJS_PATH=/usr/local/bin; NVM_NODE_PATH=~/.nvm/versions/node/`nvm version 2>/dev/null`/bin; N_NODE_PATH=`find /usr/local/n/versions/node/* -maxdepth 0 -type d 2>/dev/null | tail -1`/bin; XCODE_NODE_PATH=`xcode-select --print-path`/usr/share/xcs/Node/bin; PATH=$NODEJS_PATH:$NVM_NODE_PATH:$N_NODE_PATH:$XCODE_NODE_PATH:$PATH && node cordova/lib/build.js\n";
			showEnvVarsInLog = 0;
		};
/* End PBXShellScriptBuildPhase section */

/* Begin PBXSourcesBuildPhase section */
		8EC43C2C28167D770075C5A6 /* Sources */ = {
			isa = PBXSourcesBuildPhase;
			buildActionMask = 2147483647;
			files = (
				8EC43C3B28167D770075C5A6 /* ViewController.m in Sources */,
				8EC43C3528167D770075C5A6 /* AppDelegate.m in Sources */,
				8EC43C4628167D780075C5A6 /* main.m in Sources */,
				8EC43C3828167D770075C5A6 /* SceneDelegate.m in Sources */,
			);
			runOnlyForDeploymentPostprocessing = 0;
		};
/* End PBXSourcesBuildPhase section */

/* Begin PBXTargetDependency section */
		8EC43C5C28167F790075C5A6 /* PBXTargetDependency */ = {
			isa = PBXTargetDependency;
			name = CordovaLib;
			targetProxy = 8EC43C5B28167F790075C5A6 /* PBXContainerItemProxy */;
		};
/* End PBXTargetDependency section */

/* Begin PBXVariantGroup section */
		8EC43C3C28167D770075C5A6 /* Main.storyboard */ = {
			isa = PBXVariantGroup;
			children = (
				8EC43C3D28167D770075C5A6 /* Base */,
			);
			name = Main.storyboard;
			sourceTree = "<group>";
		};
		8EC43C4128167D780075C5A6 /* LaunchScreen.storyboard */ = {
			isa = PBXVariantGroup;
			children = (
				8EC43C4228167D780075C5A6 /* Base */,
			);
			name = LaunchScreen.storyboard;
			sourceTree = "<group>";
		};
/* End PBXVariantGroup section */

/* Begin XCBuildConfiguration section */
		8EC43C4728167D780075C5A6 /* Debug */ = {
			isa = XCBuildConfiguration;
			buildSettings = {
				ALWAYS_SEARCH_USER_PATHS = NO;
				CLANG_ANALYZER_NONNULL = YES;
				CLANG_ANALYZER_NUMBER_OBJECT_CONVERSION = YES_AGGRESSIVE;
				CLANG_CXX_LANGUAGE_STANDARD = "gnu++17";
				CLANG_ENABLE_MODULES = YES;
				CLANG_ENABLE_OBJC_ARC = YES;
				CLANG_ENABLE_OBJC_WEAK = YES;
				CLANG_WARN_BLOCK_CAPTURE_AUTORELEASING = YES;
				CLANG_WARN_BOOL_CONVERSION = YES;
				CLANG_WARN_COMMA = YES;
				CLANG_WARN_CONSTANT_CONVERSION = YES;
				CLANG_WARN_DEPRECATED_OBJC_IMPLEMENTATIONS = YES;
				CLANG_WARN_DIRECT_OBJC_ISA_USAGE = YES_ERROR;
				CLANG_WARN_DOCUMENTATION_COMMENTS = YES;
				CLANG_WARN_EMPTY_BODY = YES;
				CLANG_WARN_ENUM_CONVERSION = YES;
				CLANG_WARN_INFINITE_RECURSION = YES;
				CLANG_WARN_INT_CONVERSION = YES;
				CLANG_WARN_NON_LITERAL_NULL_CONVERSION = YES;
				CLANG_WARN_OBJC_IMPLICIT_RETAIN_SELF = YES;
				CLANG_WARN_OBJC_LITERAL_CONVERSION = YES;
				CLANG_WARN_OBJC_ROOT_CLASS = YES_ERROR;
				CLANG_WARN_QUOTED_INCLUDE_IN_FRAMEWORK_HEADER = YES;
				CLANG_WARN_RANGE_LOOP_ANALYSIS = YES;
				CLANG_WARN_STRICT_PROTOTYPES = YES;
				CLANG_WARN_SUSPICIOUS_MOVE = YES;
				CLANG_WARN_UNGUARDED_AVAILABILITY = YES_AGGRESSIVE;
				CLANG_WARN_UNREACHABLE_CODE = YES;
				CLANG_WARN__DUPLICATE_METHOD_MATCH = YES;
				COPY_PHASE_STRIP = NO;
				DEBUG_INFORMATION_FORMAT = dwarf;
				ENABLE_STRICT_OBJC_MSGSEND = YES;
				ENABLE_TESTABILITY = YES;
				GCC_C_LANGUAGE_STANDARD = gnu11;
				GCC_DYNAMIC_NO_PIC = NO;
				GCC_NO_COMMON_BLOCKS = YES;
				GCC_OPTIMIZATION_LEVEL = 0;
				GCC_PREPROCESSOR_DEFINITIONS = (
					"DEBUG=1",
					"$(inherited)",
				);
				GCC_WARN_64_TO_32_BIT_CONVERSION = YES;
				GCC_WARN_ABOUT_RETURN_TYPE = YES_ERROR;
				GCC_WARN_UNDECLARED_SELECTOR = YES;
				GCC_WARN_UNINITIALIZED_AUTOS = YES_AGGRESSIVE;
				GCC_WARN_UNUSED_FUNCTION = YES;
				GCC_WARN_UNUSED_VARIABLE = YES;
				IPHONEOS_DEPLOYMENT_TARGET = 15.4;
				MTL_ENABLE_DEBUG_INFO = INCLUDE_SOURCE;
				MTL_FAST_MATH = YES;
				ONLY_ACTIVE_ARCH = YES;
				SDKROOT = iphoneos;
			};
			name = Debug;
		};
		8EC43C4828167D780075C5A6 /* Release */ = {
			isa = XCBuildConfiguration;
			buildSettings = {
				ALWAYS_SEARCH_USER_PATHS = NO;
				CLANG_ANALYZER_NONNULL = YES;
				CLANG_ANALYZER_NUMBER_OBJECT_CONVERSION = YES_AGGRESSIVE;
				CLANG_CXX_LANGUAGE_STANDARD = "gnu++17";
				CLANG_ENABLE_MODULES = YES;
				CLANG_ENABLE_OBJC_ARC = YES;
				CLANG_ENABLE_OBJC_WEAK = YES;
				CLANG_WARN_BLOCK_CAPTURE_AUTORELEASING = YES;
				CLANG_WARN_BOOL_CONVERSION = YES;
				CLANG_WARN_COMMA = YES;
				CLANG_WARN_CONSTANT_CONVERSION = YES;
				CLANG_WARN_DEPRECATED_OBJC_IMPLEMENTATIONS = YES;
				CLANG_WARN_DIRECT_OBJC_ISA_USAGE = YES_ERROR;
				CLANG_WARN_DOCUMENTATION_COMMENTS = YES;
				CLANG_WARN_EMPTY_BODY = YES;
				CLANG_WARN_ENUM_CONVERSION = YES;
				CLANG_WARN_INFINITE_RECURSION = YES;
				CLANG_WARN_INT_CONVERSION = YES;
				CLANG_WARN_NON_LITERAL_NULL_CONVERSION = YES;
				CLANG_WARN_OBJC_IMPLICIT_RETAIN_SELF = YES;
				CLANG_WARN_OBJC_LITERAL_CONVERSION = YES;
				CLANG_WARN_OBJC_ROOT_CLASS = YES_ERROR;
				CLANG_WARN_QUOTED_INCLUDE_IN_FRAMEWORK_HEADER = YES;
				CLANG_WARN_RANGE_LOOP_ANALYSIS = YES;
				CLANG_WARN_STRICT_PROTOTYPES = YES;
				CLANG_WARN_SUSPICIOUS_MOVE = YES;
				CLANG_WARN_UNGUARDED_AVAILABILITY = YES_AGGRESSIVE;
				CLANG_WARN_UNREACHABLE_CODE = YES;
				CLANG_WARN__DUPLICATE_METHOD_MATCH = YES;
				COPY_PHASE_STRIP = NO;
				DEBUG_INFORMATION_FORMAT = "dwarf-with-dsym";
				ENABLE_NS_ASSERTIONS = NO;
				ENABLE_STRICT_OBJC_MSGSEND = YES;
				GCC_C_LANGUAGE_STANDARD = gnu11;
				GCC_NO_COMMON_BLOCKS = YES;
				GCC_WARN_64_TO_32_BIT_CONVERSION = YES;
				GCC_WARN_ABOUT_RETURN_TYPE = YES_ERROR;
				GCC_WARN_UNDECLARED_SELECTOR = YES;
				GCC_WARN_UNINITIALIZED_AUTOS = YES_AGGRESSIVE;
				GCC_WARN_UNUSED_FUNCTION = YES;
				GCC_WARN_UNUSED_VARIABLE = YES;
				IPHONEOS_DEPLOYMENT_TARGET = 15.4;
				MTL_ENABLE_DEBUG_INFO = NO;
				MTL_FAST_MATH = YES;
				SDKROOT = iphoneos;
				VALIDATE_PRODUCT = YES;
			};
			name = Release;
		};
		8EC43C4A28167D780075C5A6 /* Debug */ = {
			isa = XCBuildConfiguration;
			buildSettings = {
				ASSETCATALOG_COMPILER_APPICON_NAME = AppIcon;
				ASSETCATALOG_COMPILER_GLOBAL_ACCENT_COLOR_NAME = AccentColor;
				CODE_SIGN_STYLE = Automatic;
				CURRENT_PROJECT_VERSION = 1;
				GENERATE_INFOPLIST_FILE = YES;
				INFOPLIST_FILE = CordovaView/Info.plist;
				INFOPLIST_KEY_UIApplicationSupportsIndirectInputEvents = YES;
				INFOPLIST_KEY_UILaunchStoryboardName = LaunchScreen;
				INFOPLIST_KEY_UIMainStoryboardFile = Main;
				INFOPLIST_KEY_UISupportedInterfaceOrientations_iPad = "UIInterfaceOrientationPortrait UIInterfaceOrientationPortraitUpsideDown UIInterfaceOrientationLandscapeLeft UIInterfaceOrientationLandscapeRight";
				INFOPLIST_KEY_UISupportedInterfaceOrientations_iPhone = "UIInterfaceOrientationPortrait UIInterfaceOrientationLandscapeLeft UIInterfaceOrientationLandscapeRight";
				LD_RUNPATH_SEARCH_PATHS = (
					"$(inherited)",
					"@executable_path/Frameworks",
				);
				MARKETING_VERSION = 1.0;
				OTHER_LDFLAGS = (
					"-ObjC",
					"-all_load",
				);
				PRODUCT_BUNDLE_IDENTIFIER = mingyuanyun.CordovaView;
				PRODUCT_NAME = "$(TARGET_NAME)";
				SWIFT_EMIT_LOC_STRINGS = YES;
				TARGETED_DEVICE_FAMILY = "1,2";
			};
			name = Debug;
		};
		8EC43C4B28167D780075C5A6 /* Release */ = {
			isa = XCBuildConfiguration;
			buildSettings = {
				ASSETCATALOG_COMPILER_APPICON_NAME = AppIcon;
				ASSETCATALOG_COMPILER_GLOBAL_ACCENT_COLOR_NAME = AccentColor;
				CODE_SIGN_STYLE = Automatic;
				CURRENT_PROJECT_VERSION = 1;
				GENERATE_INFOPLIST_FILE = YES;
				INFOPLIST_FILE = CordovaView/Info.plist;
				INFOPLIST_KEY_UIApplicationSupportsIndirectInputEvents = YES;
				INFOPLIST_KEY_UILaunchStoryboardName = LaunchScreen;
				INFOPLIST_KEY_UIMainStoryboardFile = Main;
				INFOPLIST_KEY_UISupportedInterfaceOrientations_iPad = "UIInterfaceOrientationPortrait UIInterfaceOrientationPortraitUpsideDown UIInterfaceOrientationLandscapeLeft UIInterfaceOrientationLandscapeRight";
				INFOPLIST_KEY_UISupportedInterfaceOrientations_iPhone = "UIInterfaceOrientationPortrait UIInterfaceOrientationLandscapeLeft UIInterfaceOrientationLandscapeRight";
				LD_RUNPATH_SEARCH_PATHS = (
					"$(inherited)",
					"@executable_path/Frameworks",
				);
				MARKETING_VERSION = 1.0;
				OTHER_LDFLAGS = (
					"-ObjC",
					"-all_load",
				);
				PRODUCT_BUNDLE_IDENTIFIER = mingyuanyun.CordovaView;
				PRODUCT_NAME = "$(TARGET_NAME)";
				SWIFT_EMIT_LOC_STRINGS = YES;
				TARGETED_DEVICE_FAMILY = "1,2";
			};
			name = Release;
		};
/* End XCBuildConfiguration section */

/* Begin XCConfigurationList section */
		8EC43C2B28167D770075C5A6 /* Build configuration list for PBXProject "CordovaView" */ = {
			isa = XCConfigurationList;
			buildConfigurations = (
				8EC43C4728167D780075C5A6 /* Debug */,
				8EC43C4828167D780075C5A6 /* Release */,
			);
			defaultConfigurationIsVisible = 0;
			defaultConfigurationName = Release;
		};
		8EC43C4928167D780075C5A6 /* Build configuration list for PBXNativeTarget "CordovaView" */ = {
			isa = XCConfigurationList;
			buildConfigurations = (
				8EC43C4A28167D780075C5A6 /* Debug */,
				8EC43C4B28167D780075C5A6 /* Release */,
			);
			defaultConfigurationIsVisible = 0;
			defaultConfigurationName = Release;
		};
/* End XCConfigurationList section */
	};
	rootObject = 8EC43C2828167D770075C5A6 /* Project object */;
}
